{
  "name": "aliramedia-site",
  "version": "2.0.0",
  "lockfileVersion": 3,
  "requires": true,
  "packages": {
    "": {
      "name": "aliramedia-site",
      "version": "2.0.0",
      "dependencies": {
        "react": "18.2.0",
        "react-dom": "18.2.0",
        "next": "14.0.4",
        "lucide-react": "0.294.0"
      },
      "devDependencies": {
        "typescript": "5.3.3",
        "@types/react": "18.2.37",
        "@types/react-dom": "18.2.15",
        "@types/node": "20.10.5",
        "tailwindcss": "3.3.6",
        "postcss": "8.4.32",
        "autoprefixer": "10.4.16",
        "eslint": "8.55.0",
        "eslint-config-next": "14.0.4"
      }
    },
    "node_modules/@aashiftlets/pz": {
      "version": "1.0.0",
      "resolved": "https://registry.npmjs.org/@aashiftlets/pz/-/pz-1.0.0.tgz",
      "integrity": "sha512-xxxxxxxxxxx"
    },
    "node_modules/@ampproject/remapping": {
      "version": "2.2.1",
      "resolved": "https://registry.npmjs.org/@ampproject/remapping/-/remapping-2.2.1.tgz",
      "integrity": "sha512-lFMjJTrlaw3gLftAsznm1ecVZnFvRbpzd7b0nB2/QAXvLEsAE1c7KX51QhRgieitJe53z/0gO7ADIuTyqxBeed=="
    },
    "node_modules/@babel/code-frame": {
      "version": "7.23.5",
      "resolved": "https://registry.npmjs.org/@babel/code-frame/-/code-frame-7.23.5.tgz",
      "integrity": "sha512-CgH3s1a96LipHCmSoGyYryou2zrzks0ptIVTnUjsbHRE7r3isCoPQ/Z7au+JmFodtt+myYw3MTWwgQv+alWDtQ=="
    },
    "node_modules/@babel/compat-data": {
      "version": "7.23.5",
      "resolved": "https://registry.npmjs.org/@babel/compat-data/-/compat-data-7.23.5.tgz",
      "integrity": "sha512-uU27kfDRlhfKl+w1U6vp16IuvSLtjAxdArVXPx9BpDvDsClEGXCLY7l+IrLjsabhcCQ5FvZMyxQEsFf2yUVdw=="
    },
    "node_modules/react": {
      "version": "18.2.0",
      "resolved": "https://registry.npmjs.org/react/-/react-18.2.0.tgz",
      "integrity": "sha512-/3IjMdb2cLou16+kCFjlmgiN7f5i/P8DVj7aWQZaRENuWZ+8sFgA+VflrMeR7SlAO+4s035tBUAtVQVv7Nqcw=="
    },
    "node_modules/react-dom": {
      "version": "18.2.0",
      "resolved": "https://registry.npmjs.org/react-dom/-/react-dom-18.2.0.tgz",
      "integrity": "sha512-6IMTriUmvsjHUjNtEDudZfuSQc+Sh/OlBXRPlB+/8dCjRY+8Sr2dCOrYeIQtzoLCHJXj連z1idfsLJ7MH+qTw=="
    },
    "node_modules/next": {
      "version": "14.0.4",
      "resolved": "https://registry.npmjs.org/next/-/next-14.0.4.tgz",
      "integrity": "sha512-eFqJgIHLAfqg+0sXpWJ1p/Xj9qL0s1yPxUU2qpKRbEMVXW0xR6X8xVVbE8xsH3N8fCHIpFnsMVmIKTEBTG4Bg=="
    },
    "node_modules/lucide-react": {
      "version": "0.294.0",
      "resolved": "https://registry.npmjs.org/lucide-react/-/lucide-react-0.294.0.tgz",
      "integrity": "sha512-2eWF5r/NX4KFe2DCfKEkkVp4A0G6QT3YyDlI/6kM2cSN6KIEspKL4xkHE1c6q7YwD0H4z1A5hkTz+3gxL6cKw=="
    },
    "node_modules/typescript": {
      "version": "5.3.3",
      "resolved": "https://registry.npmjs.org/typescript/-/typescript-5.3.3.tgz",
      "integrity": "sha512-pMAddtBEBq6dWNQDH3wEAmJMt8dhfAhaS942iQKN45UpOkQ6aFyeEUtz0KSEnj76fh+nthv7ktcrg5SSi5Rw=="
    },
    "node_modules/@types/react": {
      "version": "18.2.37",
      "resolved": "https://registry.npmjs.org/@types/react/-/react-18.2.37.tgz",
      "integrity": "sha512-RblhgMPJ1IM/FBLucDnxNsALYL3KWOt8L4eAmAn9TtVVlF8O/LhMQQmkPtvWwSqWN1mZIWX/wUNZRJXx+WNxXw=="
    },
    "node_modules/@types/react-dom": {
      "version": "18.2.15",
      "resolved": "https://registry.npmjs.org/@types/react-dom/-/react-dom-18.2.15.tgz",
      "integrity": "sha512-HeYvq7ycP60b5jbiY1VIKMM1EE3ee8SNYVjMLjUAvLvWKq8ZYkXt2e+qENVE+9sdYbQKt7Q3XenneXVcn5O86w=="
    },
    "node_modules/@types/node": {
      "version": "20.10.5",
      "resolved": "https://registry.npmjs.org/@types/node/-/node-20.10.5.tgz",
      "integrity": "sha512-nNPsNE65wjMxEKI93yVO5kISoV8XURo6AcSLnBanKc5sW6BqwxrtQa4MNecP1aRY7kqoR5g41jQBCjnVKpaXEA=="
    },
    "node_modules/tailwindcss": {
      "version": "3.3.6",
      "resolved": "https://registry.npmjs.org/tailwindcss/-/tailwindcss-3.3.6.tgz",
      "integrity": "sha512-pOlLY4lxjqQYX+kpG2I2jTKkSFbMkADRkDu8aTr3vPQhZd3cVvVNlbPFHxWZrQBM2vKLNjxpfamRaJcnFCCnA=="
    },
    "node_modules/postcss": {
      "version": "8.4.32",
      "resolved": "https://registry.npmjs.org/postcss/-/postcss-8.4.32.tgz",
      "integrity": "sha512-D/kj5JNu6Go2iIk7j6gjvvN1t3jrvEe7i7XHqKlamTBEs20TBUerkCTuhuujVoS14fqcvP2tz8MoS3MfkdbPJA=="
    },
    "node_modules/autoprefixer": {
      "version": "10.4.16",
      "resolved": "https://registry.npmjs.org/autoprefixer/-/autoprefixer-10.4.16.tgz",
      "integrity": "sha512-7vd3UC6xKp0HLfVLARHGUX2v25Bqd0ecFIfi7ChBIr3nSNS9NORQ7D/fs4aIvefvk24kvvAkJtqLkAVIrHPMessage truncated due to length
