{
  "name": "aliramedia-site",
  "version": "2.0.0",
  "lockfileVersion": 3,
  "requires": true,
  "packages": {
    "": {
      "name": "aliramedia-site",
      "version": "2.0.0",
      "dependencies": {
        "react": "^18.2.0",
        "react-dom": "^18.2.0",
        "next": "^14.0.0",
        "lucide-react": "^0.294.0"
      },
      "devDependencies": {
        "typescript": "^5.3.0",
        "@types/react": "^18.2.0",
        "@types/react-dom": "^18.2.0",
        "@types/node": "^20.0.0",
        "tailwindcss": "^3.3.0",
        "postcss": "^8.4.0",
        "autoprefixer": "^10.4.0",
        "eslint": "^8.50.0",
        "eslint-config-next": "^14.0.0"
      }
    }
  }
}
